
Microsoft Visual Studio Solution File, Format Version 12.00
# Visual Studio 2012
Project("{FAE04EC0-301F-11D3-BF4B-00C04F79EFBC}") = "Bitrave.Azure.Editor", "Bitrave.Azure.Editor\Bitrave.Azure.Editor.csproj", "{C19AE1C2-A1BB-4E62-A3B7-6139C3E43A7C}"
EndProject
Project("{FAE04EC0-301F-11D3-BF4B-00C04F79EFBC}") = "Bitrave.Azure.Windows8", "Bitrave.Azure.Windows8\Bitrave.Azure.Windows8.csproj", "{05405055-8E73-428A-8802-46120E949D7F}"
EndProject
Project("{FAE04EC0-301F-11D3-BF4B-00C04F79EFBC}") = "Bitrave.Azure.WindowsPhone8", "Bitrave.Azure.WindowsPhone8\Bitrave.Azure.WindowsPhone8.csproj", "{B995917C-D1DB-41B5-B2A5-3C458E0D10EE}"
EndProject
Project("{FAE04EC0-301F-11D3-BF4B-00C04F79EFBC}") = "Bitrave.Azure.WindowsPhone8.TestApp", "Bitrave.Azure.WindowsPhone8.TestApp\Bitrave.Azure.WindowsPhone8.TestApp.csproj", "{4BD7FA2F-314A-4892-8213-46358865A0C2}"
EndProject
Project("{FAE04EC0-301F-11D3-BF4B-00C04F79EFBC}") = "Bitrave.Azure.Windows8.TestApp", "Bitrave.Azure.Windows8.TestApp\Bitrave.Azure.Windows8.TestApp.csproj", "{F7086B14-BF73-4EE0-A762-56561CCC5A53}"
EndProject
Project("{FAE04EC0-301F-11D3-BF4B-00C04F79EFBC}") = "Bitrave.Azure.Stub", "Bitrave.Azure.Stub\Bitrave.Azure.Stub.csproj", "{8DD3341A-0E7E-4F90-B27E-63664F0EB80A}"
EndProject
Project("{FAE04EC0-301F-11D3-BF4B-00C04F79EFBC}") = "RestSharp.Stub", "RestSharp.Stub\RestSharp.Stub.csproj", "{11ABD7D1-94F2-4FE2-A945-91E754B4E779}"
EndProject
Global
	GlobalSection(SolutionConfigurationPlatforms) = preSolution
		Debug Metro Only|Any CPU = Debug Metro Only|Any CPU
		Debug Metro Only|ARM = Debug Metro Only|ARM
		Debug Metro Only|x64 = Debug Metro Only|x64
		Debug Metro Only|x86 = Debug Metro Only|x86
		Debug|Any CPU = Debug|Any CPU
		Debug|ARM = Debug|ARM
		Debug|x64 = Debug|x64
		Debug|x86 = Debug|x86
		Release|Any CPU = Release|Any CPU
		Release|ARM = Release|ARM
		Release|x64 = Release|x64
		Release|x86 = Release|x86
	EndGlobalSection
	GlobalSection(ProjectConfigurationPlatforms) = postSolution
		{C19AE1C2-A1BB-4E62-A3B7-6139C3E43A7C}.Debug Metro Only|Any CPU.ActiveCfg = Debug|Any CPU
		{C19AE1C2-A1BB-4E62-A3B7-6139C3E43A7C}.Debug Metro Only|Any CPU.Build.0 = Debug|Any CPU
		{C19AE1C2-A1BB-4E62-A3B7-6139C3E43A7C}.Debug Metro Only|ARM.ActiveCfg = Debug|Any CPU
		{C19AE1C2-A1BB-4E62-A3B7-6139C3E43A7C}.Debug Metro Only|x64.ActiveCfg = Debug|Any CPU
		{C19AE1C2-A1BB-4E62-A3B7-6139C3E43A7C}.Debug Metro Only|x86.ActiveCfg = Debug|Any CPU
		{C19AE1C2-A1BB-4E62-A3B7-6139C3E43A7C}.Debug|Any CPU.ActiveCfg = Debug|Any CPU
		{C19AE1C2-A1BB-4E62-A3B7-6139C3E43A7C}.Debug|Any CPU.Build.0 = Debug|Any CPU
		{C19AE1C2-A1BB-4E62-A3B7-6139C3E43A7C}.Debug|ARM.ActiveCfg = Debug|Any CPU
		{C19AE1C2-A1BB-4E62-A3B7-6139C3E43A7C}.Debug|x64.ActiveCfg = Debug|Any CPU
		{C19AE1C2-A1BB-4E62-A3B7-6139C3E43A7C}.Debug|x86.ActiveCfg = Debug|Any CPU
		{C19AE1C2-A1BB-4E62-A3B7-6139C3E43A7C}.Release|Any CPU.ActiveCfg = Release|Any CPU
		{C19AE1C2-A1BB-4E62-A3B7-6139C3E43A7C}.Release|Any CPU.Build.0 = Release|Any CPU
		{C19AE1C2-A1BB-4E62-A3B7-6139C3E43A7C}.Release|ARM.ActiveCfg = Release|Any CPU
		{C19AE1C2-A1BB-4E62-A3B7-6139C3E43A7C}.Release|x64.ActiveCfg = Release|Any CPU
		{C19AE1C2-A1BB-4E62-A3B7-6139C3E43A7C}.Release|x86.ActiveCfg = Release|Any CPU
		{05405055-8E73-428A-8802-46120E949D7F}.Debug Metro Only|Any CPU.ActiveCfg = Debug|Any CPU
		{05405055-8E73-428A-8802-46120E949D7F}.Debug Metro Only|Any CPU.Build.0 = Debug|Any CPU
		{05405055-8E73-428A-8802-46120E949D7F}.Debug Metro Only|ARM.ActiveCfg = Debug|ARM
		{05405055-8E73-428A-8802-46120E949D7F}.Debug Metro Only|ARM.Build.0 = Debug|ARM
		{05405055-8E73-428A-8802-46120E949D7F}.Debug Metro Only|x64.ActiveCfg = Debug|x64
		{05405055-8E73-428A-8802-46120E949D7F}.Debug Metro Only|x64.Build.0 = Debug|x64
		{05405055-8E73-428A-8802-46120E949D7F}.Debug Metro Only|x86.ActiveCfg = Debug|x86
		{05405055-8E73-428A-8802-46120E949D7F}.Debug Metro Only|x86.Build.0 = Debug|x86
		{05405055-8E73-428A-8802-46120E949D7F}.Debug|Any CPU.ActiveCfg = Debug|Any CPU
		{05405055-8E73-428A-8802-46120E949D7F}.Debug|Any CPU.Build.0 = Debug|Any CPU
		{05405055-8E73-428A-8802-46120E949D7F}.Debug|ARM.ActiveCfg = Debug|ARM
		{05405055-8E73-428A-8802-46120E949D7F}.Debug|ARM.Build.0 = Debug|ARM
		{05405055-8E73-428A-8802-46120E949D7F}.Debug|x64.ActiveCfg = Debug|x64
		{05405055-8E73-428A-8802-46120E949D7F}.Debug|x64.Build.0 = Debug|x64
		{05405055-8E73-428A-8802-46120E949D7F}.Debug|x86.ActiveCfg = Debug|x86
		{05405055-8E73-428A-8802-46120E949D7F}.Debug|x86.Build.0 = Debug|x86
		{05405055-8E73-428A-8802-46120E949D7F}.Release|Any CPU.ActiveCfg = Release|Any CPU
		{05405055-8E73-428A-8802-46120E949D7F}.Release|Any CPU.Build.0 = Release|Any CPU
		{05405055-8E73-428A-8802-46120E949D7F}.Release|ARM.ActiveCfg = Release|ARM
		{05405055-8E73-428A-8802-46120E949D7F}.Release|ARM.Build.0 = Release|ARM
		{05405055-8E73-428A-8802-46120E949D7F}.Release|x64.ActiveCfg = Release|x64
		{05405055-8E73-428A-8802-46120E949D7F}.Release|x64.Build.0 = Release|x64
		{05405055-8E73-428A-8802-46120E949D7F}.Release|x86.ActiveCfg = Release|x86
		{05405055-8E73-428A-8802-46120E949D7F}.Release|x86.Build.0 = Release|x86
		{B995917C-D1DB-41B5-B2A5-3C458E0D10EE}.Debug Metro Only|Any CPU.ActiveCfg = Debug|Any CPU
		{B995917C-D1DB-41B5-B2A5-3C458E0D10EE}.Debug Metro Only|Any CPU.Build.0 = Debug|Any CPU
		{B995917C-D1DB-41B5-B2A5-3C458E0D10EE}.Debug Metro Only|ARM.ActiveCfg = Debug|ARM
		{B995917C-D1DB-41B5-B2A5-3C458E0D10EE}.Debug Metro Only|ARM.Build.0 = Debug|ARM
		{B995917C-D1DB-41B5-B2A5-3C458E0D10EE}.Debug Metro Only|x64.ActiveCfg = Debug|Any CPU
		{B995917C-D1DB-41B5-B2A5-3C458E0D10EE}.Debug Metro Only|x86.ActiveCfg = Debug|x86
		{B995917C-D1DB-41B5-B2A5-3C458E0D10EE}.Debug Metro Only|x86.Build.0 = Debug|x86
		{B995917C-D1DB-41B5-B2A5-3C458E0D10EE}.Debug|Any CPU.ActiveCfg = Debug|Any CPU
		{B995917C-D1DB-41B5-B2A5-3C458E0D10EE}.Debug|Any CPU.Build.0 = Debug|Any CPU
		{B995917C-D1DB-41B5-B2A5-3C458E0D10EE}.Debug|ARM.ActiveCfg = Debug|ARM
		{B995917C-D1DB-41B5-B2A5-3C458E0D10EE}.Debug|ARM.Build.0 = Debug|ARM
		{B995917C-D1DB-41B5-B2A5-3C458E0D10EE}.Debug|x64.ActiveCfg = Debug|Any CPU
		{B995917C-D1DB-41B5-B2A5-3C458E0D10EE}.Debug|x86.ActiveCfg = Debug|x86
		{B995917C-D1DB-41B5-B2A5-3C458E0D10EE}.Debug|x86.Build.0 = Debug|x86
		{B995917C-D1DB-41B5-B2A5-3C458E0D10EE}.Release|Any CPU.ActiveCfg = Release|Any CPU
		{B995917C-D1DB-41B5-B2A5-3C458E0D10EE}.Release|Any CPU.Build.0 = Release|Any CPU
		{B995917C-D1DB-41B5-B2A5-3C458E0D10EE}.Release|ARM.ActiveCfg = Release|ARM
		{B995917C-D1DB-41B5-B2A5-3C458E0D10EE}.Release|ARM.Build.0 = Release|ARM
		{B995917C-D1DB-41B5-B2A5-3C458E0D10EE}.Release|x64.ActiveCfg = Release|Any CPU
		{B995917C-D1DB-41B5-B2A5-3C458E0D10EE}.Release|x86.ActiveCfg = Release|x86
		{B995917C-D1DB-41B5-B2A5-3C458E0D10EE}.Release|x86.Build.0 = Release|x86
		{4BD7FA2F-314A-4892-8213-46358865A0C2}.Debug Metro Only|Any CPU.ActiveCfg = Debug|Any CPU
		{4BD7FA2F-314A-4892-8213-46358865A0C2}.Debug Metro Only|Any CPU.Build.0 = Debug|Any CPU
		{4BD7FA2F-314A-4892-8213-46358865A0C2}.Debug Metro Only|Any CPU.Deploy.0 = Debug|Any CPU
		{4BD7FA2F-314A-4892-8213-46358865A0C2}.Debug Metro Only|ARM.ActiveCfg = Debug|ARM
		{4BD7FA2F-314A-4892-8213-46358865A0C2}.Debug Metro Only|ARM.Build.0 = Debug|ARM
		{4BD7FA2F-314A-4892-8213-46358865A0C2}.Debug Metro Only|ARM.Deploy.0 = Debug|ARM
		{4BD7FA2F-314A-4892-8213-46358865A0C2}.Debug Metro Only|x64.ActiveCfg = Debug|Any CPU
		{4BD7FA2F-314A-4892-8213-46358865A0C2}.Debug Metro Only|x86.ActiveCfg = Debug|x86
		{4BD7FA2F-314A-4892-8213-46358865A0C2}.Debug Metro Only|x86.Build.0 = Debug|x86
		{4BD7FA2F-314A-4892-8213-46358865A0C2}.Debug Metro Only|x86.Deploy.0 = Debug|x86
		{4BD7FA2F-314A-4892-8213-46358865A0C2}.Debug|Any CPU.ActiveCfg = Debug|Any CPU
		{4BD7FA2F-314A-4892-8213-46358865A0C2}.Debug|Any CPU.Build.0 = Debug|Any CPU
		{4BD7FA2F-314A-4892-8213-46358865A0C2}.Debug|Any CPU.Deploy.0 = Debug|Any CPU
		{4BD7FA2F-314A-4892-8213-46358865A0C2}.Debug|ARM.ActiveCfg = Debug|ARM
		{4BD7FA2F-314A-4892-8213-46358865A0C2}.Debug|ARM.Build.0 = Debug|ARM
		{4BD7FA2F-314A-4892-8213-46358865A0C2}.Debug|ARM.Deploy.0 = Debug|ARM
		{4BD7FA2F-314A-4892-8213-46358865A0C2}.Debug|x64.ActiveCfg = Debug|Any CPU
		{4BD7FA2F-314A-4892-8213-46358865A0C2}.Debug|x86.ActiveCfg = Debug|x86
		{4BD7FA2F-314A-4892-8213-46358865A0C2}.Debug|x86.Build.0 = Debug|x86
		{4BD7FA2F-314A-4892-8213-46358865A0C2}.Debug|x86.Deploy.0 = Debug|x86
		{4BD7FA2F-314A-4892-8213-46358865A0C2}.Release|Any CPU.ActiveCfg = Release|Any CPU
		{4BD7FA2F-314A-4892-8213-46358865A0C2}.Release|Any CPU.Build.0 = Release|Any CPU
		{4BD7FA2F-314A-4892-8213-46358865A0C2}.Release|Any CPU.Deploy.0 = Release|Any CPU
		{4BD7FA2F-314A-4892-8213-46358865A0C2}.Release|ARM.ActiveCfg = Release|ARM
		{4BD7FA2F-314A-4892-8213-46358865A0C2}.Release|ARM.Build.0 = Release|ARM
		{4BD7FA2F-314A-4892-8213-46358865A0C2}.Release|ARM.Deploy.0 = Release|ARM
		{4BD7FA2F-314A-4892-8213-46358865A0C2}.Release|x64.ActiveCfg = Release|Any CPU
		{4BD7FA2F-314A-4892-8213-46358865A0C2}.Release|x86.ActiveCfg = Release|x86
		{4BD7FA2F-314A-4892-8213-46358865A0C2}.Release|x86.Build.0 = Release|x86
		{4BD7FA2F-314A-4892-8213-46358865A0C2}.Release|x86.Deploy.0 = Release|x86
		{F7086B14-BF73-4EE0-A762-56561CCC5A53}.Debug Metro Only|Any CPU.ActiveCfg = Debug|Any CPU
		{F7086B14-BF73-4EE0-A762-56561CCC5A53}.Debug Metro Only|Any CPU.Build.0 = Debug|Any CPU
		{F7086B14-BF73-4EE0-A762-56561CCC5A53}.Debug Metro Only|Any CPU.Deploy.0 = Debug|Any CPU
		{F7086B14-BF73-4EE0-A762-56561CCC5A53}.Debug Metro Only|ARM.ActiveCfg = Debug|ARM
		{F7086B14-BF73-4EE0-A762-56561CCC5A53}.Debug Metro Only|ARM.Build.0 = Debug|ARM
		{F7086B14-BF73-4EE0-A762-56561CCC5A53}.Debug Metro Only|ARM.Deploy.0 = Debug|ARM
		{F7086B14-BF73-4EE0-A762-56561CCC5A53}.Debug Metro Only|x64.ActiveCfg = Debug|x64
		{F7086B14-BF73-4EE0-A762-56561CCC5A53}.Debug Metro Only|x64.Build.0 = Debug|x64
		{F7086B14-BF73-4EE0-A762-56561CCC5A53}.Debug Metro Only|x64.Deploy.0 = Debug|x64
		{F7086B14-BF73-4EE0-A762-56561CCC5A53}.Debug Metro Only|x86.ActiveCfg = Debug|x86
		{F7086B14-BF73-4EE0-A762-56561CCC5A53}.Debug Metro Only|x86.Build.0 = Debug|x86
		{F7086B14-BF73-4EE0-A762-56561CCC5A53}.Debug Metro Only|x86.Deploy.0 = Debug|x86
		{F7086B14-BF73-4EE0-A762-56561CCC5A53}.Debug|Any CPU.ActiveCfg = Debug|Any CPU
		{F7086B14-BF73-4EE0-A762-56561CCC5A53}.Debug|Any CPU.Build.0 = Debug|Any CPU
		{F7086B14-BF73-4EE0-A762-56561CCC5A53}.Debug|Any CPU.Deploy.0 = Debug|Any CPU
		{F7086B14-BF73-4EE0-A762-56561CCC5A53}.Debug|ARM.ActiveCfg = Debug|ARM
		{F7086B14-BF73-4EE0-A762-56561CCC5A53}.Debug|ARM.Build.0 = Debug|ARM
		{F7086B14-BF73-4EE0-A762-56561CCC5A53}.Debug|ARM.Deploy.0 = Debug|ARM
		{F7086B14-BF73-4EE0-A762-56561CCC5A53}.Debug|x64.ActiveCfg = Debug|x64
		{F7086B14-BF73-4EE0-A762-56561CCC5A53}.Debug|x64.Build.0 = Debug|x64
		{F7086B14-BF73-4EE0-A762-56561CCC5A53}.Debug|x64.Deploy.0 = Debug|x64
		{F7086B14-BF73-4EE0-A762-56561CCC5A53}.Debug|x86.ActiveCfg = Debug|x86
		{F7086B14-BF73-4EE0-A762-56561CCC5A53}.Debug|x86.Build.0 = Debug|x86
		{F7086B14-BF73-4EE0-A762-56561CCC5A53}.Debug|x86.Deploy.0 = Debug|x86
		{F7086B14-BF73-4EE0-A762-56561CCC5A53}.Release|Any CPU.ActiveCfg = Release|Any CPU
		{F7086B14-BF73-4EE0-A762-56561CCC5A53}.Release|Any CPU.Build.0 = Release|Any CPU
		{F7086B14-BF73-4EE0-A762-56561CCC5A53}.Release|Any CPU.Deploy.0 = Release|Any CPU
		{F7086B14-BF73-4EE0-A762-56561CCC5A53}.Release|ARM.ActiveCfg = Release|ARM
		{F7086B14-BF73-4EE0-A762-56561CCC5A53}.Release|ARM.Build.0 = Release|ARM
		{F7086B14-BF73-4EE0-A762-56561CCC5A53}.Release|ARM.Deploy.0 = Release|ARM
		{F7086B14-BF73-4EE0-A762-56561CCC5A53}.Release|x64.ActiveCfg = Release|x64
		{F7086B14-BF73-4EE0-A762-56561CCC5A53}.Release|x64.Build.0 = Release|x64
		{F7086B14-BF73-4EE0-A762-56561CCC5A53}.Release|x64.Deploy.0 = Release|x64
		{F7086B14-BF73-4EE0-A762-56561CCC5A53}.Release|x86.ActiveCfg = Release|x86
		{F7086B14-BF73-4EE0-A762-56561CCC5A53}.Release|x86.Build.0 = Release|x86
		{F7086B14-BF73-4EE0-A762-56561CCC5A53}.Release|x86.Deploy.0 = Release|x86
		{8DD3341A-0E7E-4F90-B27E-63664F0EB80A}.Debug Metro Only|Any CPU.ActiveCfg = Debug|Any CPU
		{8DD3341A-0E7E-4F90-B27E-63664F0EB80A}.Debug Metro Only|Any CPU.Build.0 = Debug|Any CPU
		{8DD3341A-0E7E-4F90-B27E-63664F0EB80A}.Debug Metro Only|ARM.ActiveCfg = Debug|Any CPU
		{8DD3341A-0E7E-4F90-B27E-63664F0EB80A}.Debug Metro Only|x64.ActiveCfg = Debug|Any CPU
		{8DD3341A-0E7E-4F90-B27E-63664F0EB80A}.Debug Metro Only|x86.ActiveCfg = Debug|Any CPU
		{8DD3341A-0E7E-4F90-B27E-63664F0EB80A}.Debug|Any CPU.ActiveCfg = Debug|Any CPU
		{8DD3341A-0E7E-4F90-B27E-63664F0EB80A}.Debug|Any CPU.Build.0 = Debug|Any CPU
		{8DD3341A-0E7E-4F90-B27E-63664F0EB80A}.Debug|ARM.ActiveCfg = Debug|Any CPU
		{8DD3341A-0E7E-4F90-B27E-63664F0EB80A}.Debug|x64.ActiveCfg = Debug|Any CPU
		{8DD3341A-0E7E-4F90-B27E-63664F0EB80A}.Debug|x86.ActiveCfg = Debug|Any CPU
		{8DD3341A-0E7E-4F90-B27E-63664F0EB80A}.Release|Any CPU.ActiveCfg = Release|Any CPU
		{8DD3341A-0E7E-4F90-B27E-63664F0EB80A}.Release|Any CPU.Build.0 = Release|Any CPU
		{8DD3341A-0E7E-4F90-B27E-63664F0EB80A}.Release|ARM.ActiveCfg = Release|Any CPU
		{8DD3341A-0E7E-4F90-B27E-63664F0EB80A}.Release|x64.ActiveCfg = Release|Any CPU
		{8DD3341A-0E7E-4F90-B27E-63664F0EB80A}.Release|x86.ActiveCfg = Release|Any CPU
		{11ABD7D1-94F2-4FE2-A945-91E754B4E779}.Debug Metro Only|Any CPU.ActiveCfg = Debug|Any CPU
		{11ABD7D1-94F2-4FE2-A945-91E754B4E779}.Debug Metro Only|Any CPU.Build.0 = Debug|Any CPU
		{11ABD7D1-94F2-4FE2-A945-91E754B4E779}.Debug Metro Only|ARM.ActiveCfg = Debug|Any CPU
		{11ABD7D1-94F2-4FE2-A945-91E754B4E779}.Debug Metro Only|x64.ActiveCfg = Debug|Any CPU
		{11ABD7D1-94F2-4FE2-A945-91E754B4E779}.Debug Metro Only|x86.ActiveCfg = Debug|Any CPU
		{11ABD7D1-94F2-4FE2-A945-91E754B4E779}.Debug|Any CPU.ActiveCfg = Debug|Any CPU
		{11ABD7D1-94F2-4FE2-A945-91E754B4E779}.Debug|Any CPU.Build.0 = Debug|Any CPU
		{11ABD7D1-94F2-4FE2-A945-91E754B4E779}.Debug|ARM.ActiveCfg = Debug|Any CPU
		{11ABD7D1-94F2-4FE2-A945-91E754B4E779}.Debug|x64.ActiveCfg = Debug|Any CPU
		{11ABD7D1-94F2-4FE2-A945-91E754B4E779}.Debug|x86.ActiveCfg = Debug|Any CPU
		{11ABD7D1-94F2-4FE2-A945-91E754B4E779}.Release|Any CPU.ActiveCfg = Release|Any CPU
		{11ABD7D1-94F2-4FE2-A945-91E754B4E779}.Release|Any CPU.Build.0 = Release|Any CPU
		{11ABD7D1-94F2-4FE2-A945-91E754B4E779}.Release|ARM.ActiveCfg = Release|Any CPU
		{11ABD7D1-94F2-4FE2-A945-91E754B4E779}.Release|x64.ActiveCfg = Release|Any CPU
		{11ABD7D1-94F2-4FE2-A945-91E754B4E779}.Release|x86.ActiveCfg = Release|Any CPU
	EndGlobalSection
	GlobalSection(SolutionProperties) = preSolution
		HideSolutionNode = FALSE
	EndGlobalSection
EndGlobal
